
Microsoft Visual Studio Solution File, Format Version 12.00
Project("{FAE04EC0-301F-11D3-BF4B-00C04F79EFBC}") = "ModsenTask", "ModsenTask\ModsenTask.csproj", "{374E78ED-2D85-433C-B083-C8FB3370F796}"
EndProject
Global
	GlobalSection(SolutionConfigurationPlatforms) = preSolution
		Debug|Any CPU = Debug|Any CPU
		Release|Any CPU = Release|Any CPU
	EndGlobalSection
	GlobalSection(ProjectConfigurationPlatforms) = postSolution
		{374E78ED-2D85-433C-B083-C8FB3370F796}.Debug|Any CPU.ActiveCfg = Debug|Any CPU
		{374E78ED-2D85-433C-B083-C8FB3370F796}.Debug|Any CPU.Build.0 = Debug|Any CPU
		{374E78ED-2D85-433C-B083-C8FB3370F796}.Release|Any CPU.ActiveCfg = Release|Any CPU
		{374E78ED-2D85-433C-B083-C8FB3370F796}.Release|Any CPU.Build.0 = Release|Any CPU
	EndGlobalSection
EndGlobal
